
Microsoft Visual Studio Solution File, Format Version 12.00
# Visual Studio 15
VisualStudioVersion = 15.0.27004.2002
MinimumVisualStudioVersion = 10.0.40219.1
Project("{FAE04EC0-301F-11D3-BF4B-00C04F79EFBC}") = "VsixExperiments", "VsixExperiments\VsixExperiments.csproj", "{42E2846B-AD5A-4C5C-8CD1-3FCD016CAFDF}"
EndProject
Global
	GlobalSection(SolutionConfigurationPlatforms) = preSolution
		Debug|Any CPU = Debug|Any CPU
		Release|Any CPU = Release|Any CPU
	EndGlobalSection
	GlobalSection(ProjectConfigurationPlatforms) = postSolution
		{42E2846B-AD5A-4C5C-8CD1-3FCD016CAFDF}.Debug|Any CPU.ActiveCfg = Debug|Any CPU
		{42E2846B-AD5A-4C5C-8CD1-3FCD016CAFDF}.Debug|Any CPU.Build.0 = Debug|Any CPU
		{42E2846B-AD5A-4C5C-8CD1-3FCD016CAFDF}.Release|Any CPU.ActiveCfg = Release|Any CPU
		{42E2846B-AD5A-4C5C-8CD1-3FCD016CAFDF}.Release|Any CPU.Build.0 = Release|Any CPU
	EndGlobalSection
	GlobalSection(SolutionProperties) = preSolution
		HideSolutionNode = FALSE
	EndGlobalSection
	GlobalSection(ExtensibilityGlobals) = postSolution
		SolutionGuid = {ACF37201-A062-46F7-A2A3-920C3E771889}
	EndGlobalSection
EndGlobal
