
Microsoft Visual Studio Solution File, Format Version 12.00
# Visual Studio 15
VisualStudioVersion = 15.0.27130.2020
MinimumVisualStudioVersion = 10.0.40219.1
Project("{FAE04EC0-301F-11D3-BF4B-00C04F79EFBC}") = "AzureDataCatalog", "AzureDataCatalog\AzureDataCatalog.csproj", "{BEEA7A30-2B82-4857-8E53-FDD4FA2C1978}"
EndProject
Global
	GlobalSection(SolutionConfigurationPlatforms) = preSolution
		Debug|Any CPU = Debug|Any CPU
		Release|Any CPU = Release|Any CPU
	EndGlobalSection
	GlobalSection(ProjectConfigurationPlatforms) = postSolution
		{BEEA7A30-2B82-4857-8E53-FDD4FA2C1978}.Debug|Any CPU.ActiveCfg = Debug|Any CPU
		{BEEA7A30-2B82-4857-8E53-FDD4FA2C1978}.Debug|Any CPU.Build.0 = Debug|Any CPU
		{BEEA7A30-2B82-4857-8E53-FDD4FA2C1978}.Release|Any CPU.ActiveCfg = Release|Any CPU
		{BEEA7A30-2B82-4857-8E53-FDD4FA2C1978}.Release|Any CPU.Build.0 = Release|Any CPU
	EndGlobalSection
	GlobalSection(SolutionProperties) = preSolution
		HideSolutionNode = FALSE
	EndGlobalSection
	GlobalSection(ExtensibilityGlobals) = postSolution
		SolutionGuid = {5FDC0278-93FC-4C04-AE7D-DB88E1C6A196}
	EndGlobalSection
EndGlobal
