
Microsoft Visual Studio Solution File, Format Version 12.00
# Visual Studio 15
VisualStudioVersion = 15.0.27004.2010
MinimumVisualStudioVersion = 10.0.40219.1
Project("{FAE04EC0-301F-11D3-BF4B-00C04F79EFBC}") = "spike-salesforce-cometd", "spike-salesforce-cometd\spike-salesforce-cometd.csproj", "{FA6C9CC2-7F52-4E11-9BC8-BC970CE90746}"
EndProject
Project("{FAE04EC0-301F-11D3-BF4B-00C04F79EFBC}") = "cometd", "CometD.NET\cometd.csproj", "{CE60C8C6-3F04-447B-946C-D22397E39EC6}"
EndProject
Global
	GlobalSection(SolutionConfigurationPlatforms) = preSolution
		Debug|Any CPU = Debug|Any CPU
		Release|Any CPU = Release|Any CPU
	EndGlobalSection
	GlobalSection(ProjectConfigurationPlatforms) = postSolution
		{FA6C9CC2-7F52-4E11-9BC8-BC970CE90746}.Debug|Any CPU.ActiveCfg = Debug|Any CPU
		{FA6C9CC2-7F52-4E11-9BC8-BC970CE90746}.Debug|Any CPU.Build.0 = Debug|Any CPU
		{FA6C9CC2-7F52-4E11-9BC8-BC970CE90746}.Release|Any CPU.ActiveCfg = Release|Any CPU
		{FA6C9CC2-7F52-4E11-9BC8-BC970CE90746}.Release|Any CPU.Build.0 = Release|Any CPU
		{CE60C8C6-3F04-447B-946C-D22397E39EC6}.Debug|Any CPU.ActiveCfg = Debug|Any CPU
		{CE60C8C6-3F04-447B-946C-D22397E39EC6}.Debug|Any CPU.Build.0 = Debug|Any CPU
		{CE60C8C6-3F04-447B-946C-D22397E39EC6}.Release|Any CPU.ActiveCfg = Release|Any CPU
		{CE60C8C6-3F04-447B-946C-D22397E39EC6}.Release|Any CPU.Build.0 = Release|Any CPU
	EndGlobalSection
	GlobalSection(SolutionProperties) = preSolution
		HideSolutionNode = FALSE
	EndGlobalSection
	GlobalSection(ExtensibilityGlobals) = postSolution
		SolutionGuid = {49D8E03F-8A70-41C4-950B-9FFAACF162F6}
	EndGlobalSection
EndGlobal
