
Microsoft Visual Studio Solution File, Format Version 12.00
# Visual Studio 2013
VisualStudioVersion = 12.0.30501.0
MinimumVisualStudioVersion = 10.0.40219.1
Project("{FAE04EC0-301F-11D3-BF4B-00C04F79EFBC}") = "ClassLibrary1", "ClassLibrary1\ClassLibrary1.csproj", "{391047FD-007A-4730-9061-EF40ECCB326B}"
EndProject
Project("{FAE04EC0-301F-11D3-BF4B-00C04F79EFBC}") = "ConsoleApplication1", "ConsoleApplication1\ConsoleApplication1.csproj", "{20E57036-D6FA-40F3-B749-349579BE27AC}"
EndProject
Project("{FAE04EC0-301F-11D3-BF4B-00C04F79EFBC}") = "ClassLibrary2", "ClassLibrary2\ClassLibrary2.csproj", "{738496CB-5ED8-4349-BD94-561357B2475D}"
EndProject
Global
	GlobalSection(SolutionConfigurationPlatforms) = preSolution
		Debug|Any CPU = Debug|Any CPU
		Release|Any CPU = Release|Any CPU
	EndGlobalSection
	GlobalSection(ProjectConfigurationPlatforms) = postSolution
		{391047FD-007A-4730-9061-EF40ECCB326B}.Debug|Any CPU.ActiveCfg = Debug|Any CPU
		{391047FD-007A-4730-9061-EF40ECCB326B}.Debug|Any CPU.Build.0 = Debug|Any CPU
		{391047FD-007A-4730-9061-EF40ECCB326B}.Release|Any CPU.ActiveCfg = Release|Any CPU
		{391047FD-007A-4730-9061-EF40ECCB326B}.Release|Any CPU.Build.0 = Release|Any CPU
		{20E57036-D6FA-40F3-B749-349579BE27AC}.Debug|Any CPU.ActiveCfg = Debug|Any CPU
		{20E57036-D6FA-40F3-B749-349579BE27AC}.Debug|Any CPU.Build.0 = Debug|Any CPU
		{20E57036-D6FA-40F3-B749-349579BE27AC}.Release|Any CPU.ActiveCfg = Release|Any CPU
		{20E57036-D6FA-40F3-B749-349579BE27AC}.Release|Any CPU.Build.0 = Release|Any CPU
		{738496CB-5ED8-4349-BD94-561357B2475D}.Debug|Any CPU.ActiveCfg = Debug|Any CPU
		{738496CB-5ED8-4349-BD94-561357B2475D}.Debug|Any CPU.Build.0 = Debug|Any CPU
		{738496CB-5ED8-4349-BD94-561357B2475D}.Release|Any CPU.ActiveCfg = Release|Any CPU
		{738496CB-5ED8-4349-BD94-561357B2475D}.Release|Any CPU.Build.0 = Release|Any CPU
	EndGlobalSection
	GlobalSection(SolutionProperties) = preSolution
		HideSolutionNode = FALSE
	EndGlobalSection
EndGlobal
