
Microsoft Visual Studio Solution File, Format Version 12.00
# Visual Studio 15
VisualStudioVersion = 15.0.26730.16
MinimumVisualStudioVersion = 10.0.40219.1
Project("{FAE04EC0-301F-11D3-BF4B-00C04F79EFBC}") = "PocoUnitTestGenerator", "PocoUnitTestGenerator\PocoUnitTestGenerator.csproj", "{971C411C-BAFB-497B-8669-27004DB01341}"
EndProject
Project("{FAE04EC0-301F-11D3-BF4B-00C04F79EFBC}") = "Processing", "Processing\Processing.csproj", "{493E0450-896F-4975-A47A-B066D131F6DE}"
EndProject
Project("{2150E333-8FDC-42A3-9474-1A3956D46DE8}") = "Solution Items", "Solution Items", "{6DA5FD7A-BFD3-4B96-91D3-8F8B72C5F2F2}"
	ProjectSection(SolutionItems) = preProject
		PocoUnitTestGenerator\ApiEntitlement.cs = PocoUnitTestGenerator\ApiEntitlement.cs
	EndProjectSection
EndProject
Global
	GlobalSection(SolutionConfigurationPlatforms) = preSolution
		Debug|Any CPU = Debug|Any CPU
		Release|Any CPU = Release|Any CPU
	EndGlobalSection
	GlobalSection(ProjectConfigurationPlatforms) = postSolution
		{971C411C-BAFB-497B-8669-27004DB01341}.Debug|Any CPU.ActiveCfg = Debug|Any CPU
		{971C411C-BAFB-497B-8669-27004DB01341}.Debug|Any CPU.Build.0 = Debug|Any CPU
		{971C411C-BAFB-497B-8669-27004DB01341}.Release|Any CPU.ActiveCfg = Release|Any CPU
		{971C411C-BAFB-497B-8669-27004DB01341}.Release|Any CPU.Build.0 = Release|Any CPU
		{493E0450-896F-4975-A47A-B066D131F6DE}.Debug|Any CPU.ActiveCfg = Debug|Any CPU
		{493E0450-896F-4975-A47A-B066D131F6DE}.Debug|Any CPU.Build.0 = Debug|Any CPU
		{493E0450-896F-4975-A47A-B066D131F6DE}.Release|Any CPU.ActiveCfg = Release|Any CPU
		{493E0450-896F-4975-A47A-B066D131F6DE}.Release|Any CPU.Build.0 = Release|Any CPU
	EndGlobalSection
	GlobalSection(SolutionProperties) = preSolution
		HideSolutionNode = FALSE
	EndGlobalSection
	GlobalSection(ExtensibilityGlobals) = postSolution
		SolutionGuid = {B02EFEED-13A4-4C7E-8D66-7626CD424B99}
	EndGlobalSection
EndGlobal
