
Microsoft Visual Studio Solution File, Format Version 12.00
# Visual Studio 2012
Project("{FAE04EC0-301F-11D3-BF4B-00C04F79EFBC}") = "Client", "Client\Client.csproj", "{A8348A54-6B86-440F-B670-4437E29955DC}"
EndProject
Project("{FAE04EC0-301F-11D3-BF4B-00C04F79EFBC}") = "Service", "Service\Service.csproj", "{4CB1B6DB-A2E7-4166-A712-3A1619CEA7E8}"
EndProject
Global
	GlobalSection(SolutionConfigurationPlatforms) = preSolution
		Debug|Any CPU = Debug|Any CPU
		Release|Any CPU = Release|Any CPU
	EndGlobalSection
	GlobalSection(ProjectConfigurationPlatforms) = postSolution
		{A8348A54-6B86-440F-B670-4437E29955DC}.Debug|Any CPU.ActiveCfg = Debug|Any CPU
		{A8348A54-6B86-440F-B670-4437E29955DC}.Debug|Any CPU.Build.0 = Debug|Any CPU
		{A8348A54-6B86-440F-B670-4437E29955DC}.Release|Any CPU.ActiveCfg = Release|Any CPU
		{A8348A54-6B86-440F-B670-4437E29955DC}.Release|Any CPU.Build.0 = Release|Any CPU
		{4CB1B6DB-A2E7-4166-A712-3A1619CEA7E8}.Debug|Any CPU.ActiveCfg = Debug|Any CPU
		{4CB1B6DB-A2E7-4166-A712-3A1619CEA7E8}.Debug|Any CPU.Build.0 = Debug|Any CPU
		{4CB1B6DB-A2E7-4166-A712-3A1619CEA7E8}.Release|Any CPU.ActiveCfg = Release|Any CPU
		{4CB1B6DB-A2E7-4166-A712-3A1619CEA7E8}.Release|Any CPU.Build.0 = Release|Any CPU
	EndGlobalSection
	GlobalSection(SolutionProperties) = preSolution
		HideSolutionNode = FALSE
	EndGlobalSection
EndGlobal
