
Microsoft Visual Studio Solution File, Format Version 12.00
# Visual Studio 15
VisualStudioVersion = 15.0.27428.2011
MinimumVisualStudioVersion = 10.0.40219.1
Project("{FAE04EC0-301F-11D3-BF4B-00C04F79EFBC}") = "ConsoleApplication1", "ConsoleApplication1\ConsoleApplication1.csproj", "{A942D1E6-27EF-432D-9990-EEA2A113BB0F}"
EndProject
Project("{FAE04EC0-301F-11D3-BF4B-00C04F79EFBC}") = "Sender", "Sender\Sender.csproj", "{0449A30D-3738-4EF8-8919-E40DAD647CB5}"
EndProject
Project("{FAE04EC0-301F-11D3-BF4B-00C04F79EFBC}") = "Receiver", "Receiver\Receiver.csproj", "{F7E65828-69B7-4784-B752-EA8734FC0296}"
EndProject
Global
	GlobalSection(SolutionConfigurationPlatforms) = preSolution
		Debug|Any CPU = Debug|Any CPU
		Release|Any CPU = Release|Any CPU
	EndGlobalSection
	GlobalSection(ProjectConfigurationPlatforms) = postSolution
		{A942D1E6-27EF-432D-9990-EEA2A113BB0F}.Debug|Any CPU.ActiveCfg = Debug|Any CPU
		{A942D1E6-27EF-432D-9990-EEA2A113BB0F}.Debug|Any CPU.Build.0 = Debug|Any CPU
		{A942D1E6-27EF-432D-9990-EEA2A113BB0F}.Release|Any CPU.ActiveCfg = Release|Any CPU
		{A942D1E6-27EF-432D-9990-EEA2A113BB0F}.Release|Any CPU.Build.0 = Release|Any CPU
		{0449A30D-3738-4EF8-8919-E40DAD647CB5}.Debug|Any CPU.ActiveCfg = Debug|Any CPU
		{0449A30D-3738-4EF8-8919-E40DAD647CB5}.Debug|Any CPU.Build.0 = Debug|Any CPU
		{0449A30D-3738-4EF8-8919-E40DAD647CB5}.Release|Any CPU.ActiveCfg = Release|Any CPU
		{0449A30D-3738-4EF8-8919-E40DAD647CB5}.Release|Any CPU.Build.0 = Release|Any CPU
		{F7E65828-69B7-4784-B752-EA8734FC0296}.Debug|Any CPU.ActiveCfg = Debug|Any CPU
		{F7E65828-69B7-4784-B752-EA8734FC0296}.Debug|Any CPU.Build.0 = Debug|Any CPU
		{F7E65828-69B7-4784-B752-EA8734FC0296}.Release|Any CPU.ActiveCfg = Release|Any CPU
		{F7E65828-69B7-4784-B752-EA8734FC0296}.Release|Any CPU.Build.0 = Release|Any CPU
	EndGlobalSection
	GlobalSection(SolutionProperties) = preSolution
		HideSolutionNode = FALSE
	EndGlobalSection
	GlobalSection(ExtensibilityGlobals) = postSolution
		SolutionGuid = {2980E82D-E883-4D83-9D37-F3D461C80B38}
	EndGlobalSection
EndGlobal
